
Microsoft Visual Studio Solution File, Format Version 12.00
# Visual Studio Version 17
VisualStudioVersion = 17.11.35312.102
MinimumVisualStudioVersion = 10.0.40219.1
Project("{FAE04EC0-301F-11D3-BF4B-00C04F79EFBC}") = "personapi-dotnet", "personapi-dotnet.csproj", "{B3A3231F-BB96-4EF4-9626-71D775263CE4}"
EndProject
Global
	GlobalSection(SolutionConfigurationPlatforms) = preSolution
		Debug|Any CPU = Debug|Any CPU
		Release|Any CPU = Release|Any CPU
	EndGlobalSection
	GlobalSection(ProjectConfigurationPlatforms) = postSolution
		{B3A3231F-BB96-4EF4-9626-71D775263CE4}.Debug|Any CPU.ActiveCfg = Debug|Any CPU
		{B3A3231F-BB96-4EF4-9626-71D775263CE4}.Debug|Any CPU.Build.0 = Debug|Any CPU
		{B3A3231F-BB96-4EF4-9626-71D775263CE4}.Release|Any CPU.ActiveCfg = Release|Any CPU
		{B3A3231F-BB96-4EF4-9626-71D775263CE4}.Release|Any CPU.Build.0 = Release|Any CPU
	EndGlobalSection
	GlobalSection(SolutionProperties) = preSolution
		HideSolutionNode = FALSE
	EndGlobalSection
	GlobalSection(ExtensibilityGlobals) = postSolution
		SolutionGuid = {AA7D20F5-174D-4B77-A4A9-E2E3D2F9EEEC}
	EndGlobalSection
EndGlobal
